<?xml version="1.0" encoding="UTF-8" standalone="yes" ?>
<CodeBlocks_project_file>
	<FileVersion major="1" minor="6" />
	<Project>
		<Option title="SeamCarving" />
		<Option pch_mode="2" />
		<Option compiler="gcc" />
		<Build>
			<Target title="Debug">
				<Option output="bin/SeamCarving" prefix_auto="1" extension_auto="1" />
				<Option object_output="obj/" />
				<Option type="1" />
				<Option compiler="gcc" />
				<Compiler>
					<Add option="-g" />
				</Compiler>
			</Target>

		</Build>
		<Compiler>
			<Add option="-Wall" />
			<Add option="-fexceptions" />
		</Compiler>
		<Unit filename="main.cpp" />
		<Unit filename="unit_test.h" />
		<Unit filename="unit_test.cpp" />
		<Unit filename="seam_types.h" />
		<Unit filename="seam.h" />
		<Unit filename="seam.cpp" />
		<Unit filename="extension.h" />
		<Unit filename="extension.cpp" />
		<Unit filename="stb_image.h" />
		<Unit filename="stb_image_write.h" />
		<Unit filename="helper.cpp" />
		<Unit filename="helper.h" />
		<Unit filename="img/americascup.jpg" />
		<Unit filename="img/cats.jpg" />
		<Unit filename="img/doves.jpg" />
		<Unit filename="img/hiroshige.jpg" />
		<Unit filename="img/test_small.jpg" />
		<Unit filename="img/tower.jpg" />
		
		<Extensions />
	</Project>
</CodeBlocks_project_file>
